# THIS IS AN AUTOGENERATED FILE. DO NOT EDIT THIS FILE DIRECTLY.
# yarn lockfile v1


"@babel/runtime-corejs3@7.16.8":
  version "7.16.8"
  resolved "https://registry.yarnpkg.com/@babel/runtime-corejs3/-/runtime-corejs3-7.16.8.tgz#ea533d96eda6fdc76b1812248e9fbd0c11d4a1a7"
  integrity sha512-3fKhuICS1lMz0plI5ktOE/yEtBRMVxplzRkdn6mJQ197XiY0JnrzYV0+Mxozq3JZ8SBV9Ecurmw1XsGbwOf+Sg==
  dependencies:
    core-js-pure "^3.20.2"
    regenerator-runtime "^0.13.4"

"@babel/runtime@7.16.7":
  version "7.16.7"
  resolved "https://registry.yarnpkg.com/@babel/runtime/-/runtime-7.16.7.tgz#03ff99f64106588c9c403c6ecb8c3bafbbdff1fa"
  integrity sha512-9E9FJowqAsytyOY6LG+1KuueckRL+aQW+mKvXRXnuFGyRAyepJPmEo9vgMfXUA6O9u3IeEdv9MAkppFcaQwogQ==
  dependencies:
    regenerator-runtime "^0.13.4"

"@ethersproject/abi@5.6.0":
  version "5.6.0"
  resolved "https://registry.yarnpkg.com/@ethersproject/abi/-/abi-5.6.0.tgz#ea07cbc1eec2374d32485679c12408005895e9f3"
  integrity sha512-AhVByTwdXCc2YQ20v300w6KVHle9g2OFc28ZAFCPnJyEpkv1xKXjZcSTgWOlv1i+0dqlgF8RCF2Rn2KC1t+1Vg==
  dependencies:
    "@ethersproject/address" "^5.6.0"
    "@ethersproject/bignumber" "^5.6.0"
    "@ethersproject/bytes" "^5.6.0"
    "@ethersproject/constants" "^5.6.0"
    "@ethersproject/hash" "^5.6.0"
    "@ethersproject/keccak256" "^5.6.0"
    "@ethersproject/logger" "^5.6.0"
    "@ethersproject/properties" "^5.6.0"
    "@ethersproject/strings" "^5.6.0"

"@ethersproject/abi@^5.6.0":
  version "5.7.0"
  resolved "https://registry.yarnpkg.com/@ethersproject/abi/-/abi-5.7.0.tgz#b3f3e045bbbeed1af3947335c247ad625a44e449"
  integrity sha512-351ktp42TiRcYB3H1OP8yajPeAQstMW/yCFokj/AthP9bLHzQFPlOrxOcwYEDkUAICmOHljvN4K39OMTMUa9RA==
  dependencies:
    "@ethersproject/address" "^5.7.0"
    "@ethersproject/bignumber" "^5.7.0"
    "@ethersproject/bytes" "^5.7.0"
    "@ethersproject/constants" "^5.7.0"
    "@ethersproject/hash" "^5.7.0"
    "@ethersproject/keccak256" "^5.7.0"
    "@ethersproject/logger" "^5.7.0"
    "@ethersproject/properties" "^5.7.0"
    "@ethersproject/strings" "^5.7.0"

"@ethersproject/abstract-provider@5.6.0":
  version "5.6.0"
  resolved "https://registry.yarnpkg.com/@ethersproject/abstract-provider/-/abstract-provider-5.6.0.tgz#0c4ac7054650dbd9c476cf5907f588bbb6ef3061"
  integrity sha512-oPMFlKLN+g+y7a79cLK3WiLcjWFnZQtXWgnLAbHZcN3s7L4v90UHpTOrLk+m3yr0gt+/h9STTM6zrr7PM8uoRw==
  dependencies:
    "@ethersproject/bignumber" "^5.6.0"
    "@ethersproject/bytes" "^5.6.0"
    "@ethersproject/logger" "^5.6.0"
    "@ethersproject/networks" "^5.6.0"
    "@ethersproject/properties" "^5.6.0"
    "@ethersproject/transactions" "^5.6.0"
    "@ethersproject/web" "^5.6.0"

"@ethersproject/abstract-provider@^5.6.0", "@ethersproject/abstract-provider@^5.7.0":
  version "5.7.0"
  resolved "https://registry.yarnpkg.com/@ethersproject/abstract-provider/-/abstract-provider-5.7.0.tgz#b0a8550f88b6bf9d51f90e4795d48294630cb9ef"
  integrity sha512-R41c9UkchKCpAqStMYUpdunjo3pkEvZC3FAwZn5S5MGbXoMQOHIdHItezTETxAO5bevtMApSyEhn9+CHcDsWBw==
  dependencies:
    "@ethersproject/bignumber" "^5.7.0"
    "@ethersproject/bytes" "^5.7.0"
    "@ethersproject/logger" "^5.7.0"
    "@ethersproject/networks" "^5.7.0"
    "@ethersproject/properties" "^5.7.0"
    "@ethersproject/transactions" "^5.7.0"
    "@ethersproject/web" "^5.7.0"

"@ethersproject/abstract-signer@5.6.0":
  version "5.6.0"
  resolved "https://registry.yarnpkg.com/@ethersproject/abstract-signer/-/abstract-signer-5.6.0.tgz#9cd7ae9211c2b123a3b29bf47aab17d4d016e3e7"
  integrity sha512-WOqnG0NJKtI8n0wWZPReHtaLkDByPL67tn4nBaDAhmVq8sjHTPbCdz4DRhVu/cfTOvfy9w3iq5QZ7BX7zw56BQ==
  dependencies:
    "@ethersproject/abstract-provider" "^5.6.0"
    "@ethersproject/bignumber" "^5.6.0"
    "@ethersproject/bytes" "^5.6.0"
    "@ethersproject/logger" "^5.6.0"
    "@ethersproject/properties" "^5.6.0"

"@ethersproject/abstract-signer@^5.6.0", "@ethersproject/abstract-signer@^5.7.0":
  version "5.7.0"
  resolved "https://registry.yarnpkg.com/@ethersproject/abstract-signer/-/abstract-signer-5.7.0.tgz#13f4f32117868452191a4649723cb086d2b596b2"
  integrity sha512-a16V8bq1/Cz+TGCkE2OPMTOUDLS3grCpdjoJCYNnVBbdYEMSgKrU0+B90s8b6H+ByYTBZN7a3g76jdIJi7UfKQ==
  dependencies:
    "@ethersproject/abstract-provider" "^5.7.0"
    "@ethersproject/bignumber" "^5.7.0"
    "@ethersproject/bytes" "^5.7.0"
    "@ethersproject/logger" "^5.7.0"
    "@ethersproject/properties" "^5.7.0"

"@ethersproject/address@5.6.0":
  version "5.6.0"
  resolved "https://registry.yarnpkg.com/@ethersproject/address/-/address-5.6.0.tgz#13c49836d73e7885fc148ad633afad729da25012"
  integrity sha512-6nvhYXjbXsHPS+30sHZ+U4VMagFC/9zAk6Gd/h3S21YW4+yfb0WfRtaAIZ4kfM4rrVwqiy284LP0GtL5HXGLxQ==
  dependencies:
    "@ethersproject/bignumber" "^5.6.0"
    "@ethersproject/bytes" "^5.6.0"
    "@ethersproject/keccak256" "^5.6.0"
    "@ethersproject/logger" "^5.6.0"
    "@ethersproject/rlp" "^5.6.0"

"@ethersproject/address@^5.6.0", "@ethersproject/address@^5.7.0":
  version "5.7.0"
  resolved "https://registry.yarnpkg.com/@ethersproject/address/-/address-5.7.0.tgz#19b56c4d74a3b0a46bfdbb6cfcc0a153fc697f37"
  integrity sha512-9wYhYt7aghVGo758POM5nqcOMaE168Q6aRLJZwUmiqSrAungkG74gSSeKEIR7ukixesdRZGPgVqme6vmxs1fkA==
  dependencies:
    "@ethersproject/bignumber" "^5.7.0"
    "@ethersproject/bytes" "^5.7.0"
    "@ethersproject/keccak256" "^5.7.0"
    "@ethersproject/logger" "^5.7.0"
    "@ethersproject/rlp" "^5.7.0"

"@ethersproject/base64@5.6.0":
  version "5.6.0"
  resolved "https://registry.yarnpkg.com/@ethersproject/base64/-/base64-5.6.0.tgz#a12c4da2a6fb86d88563216b0282308fc15907c9"
  integrity sha512-2Neq8wxJ9xHxCF9TUgmKeSh9BXJ6OAxWfeGWvbauPh8FuHEjamgHilllx8KkSd5ErxyHIX7Xv3Fkcud2kY9ezw==
  dependencies:
    "@ethersproject/bytes" "^5.6.0"

"@ethersproject/base64@^5.6.0", "@ethersproject/base64@^5.7.0":
  version "5.7.0"
  resolved "https://registry.yarnpkg.com/@ethersproject/base64/-/base64-5.7.0.tgz#ac4ee92aa36c1628173e221d0d01f53692059e1c"
  integrity sha512-Dr8tcHt2mEbsZr/mwTPIQAf3Ai0Bks/7gTw9dSqk1mQvhW3XvRlmDJr/4n+wg1JmCl16NZue17CDh8xb/vZ0sQ==
  dependencies:
    "@ethersproject/bytes" "^5.7.0"

"@ethersproject/basex@5.6.0":
  version "5.6.0"
  resolved "https://registry.yarnpkg.com/@ethersproject/basex/-/basex-5.6.0.tgz#9ea7209bf0a1c3ddc2a90f180c3a7f0d7d2e8a69"
  integrity sha512-qN4T+hQd/Md32MoJpc69rOwLYRUXwjTlhHDIeUkUmiN/JyWkkLLMoG0TqvSQKNqZOMgN5stbUYN6ILC+eD7MEQ==
  dependencies:
    "@ethersproject/bytes" "^5.6.0"
    "@ethersproject/properties" "^5.6.0"

"@ethersproject/basex@^5.6.0", "@ethersproject/basex@^5.7.0":
  version "5.7.0"
  resolved "https://registry.yarnpkg.com/@ethersproject/basex/-/basex-5.7.0.tgz#97034dc7e8938a8ca943ab20f8a5e492ece4020b"
  integrity sha512-ywlh43GwZLv2Voc2gQVTKBoVQ1mti3d8HK5aMxsfu/nRDnMmNqaSJ3r3n85HBByT8OpoY96SXM1FogC533T4zw==
  dependencies:
    "@ethersproject/bytes" "^5.7.0"
    "@ethersproject/properties" "^5.7.0"

"@ethersproject/bignumber@5.6.0":
  version "5.6.0"
  resolved "https://registry.yarnpkg.com/@ethersproject/bignumber/-/bignumber-5.6.0.tgz#116c81b075c57fa765a8f3822648cf718a8a0e26"
  integrity sha512-VziMaXIUHQlHJmkv1dlcd6GY2PmT0khtAqaMctCIDogxkrarMzA9L94KN1NeXqqOfFD6r0sJT3vCTOFSmZ07DA==
  dependencies:
    "@ethersproject/bytes" "^5.6.0"
    "@ethersproject/logger" "^5.6.0"
    bn.js "^4.11.9"

"@ethersproject/bignumber@^5.6.0", "@ethersproject/bignumber@^5.7.0":
  version "5.7.0"
  resolved "https://registry.yarnpkg.com/@ethersproject/bignumber/-/bignumber-5.7.0.tgz#e2f03837f268ba655ffba03a57853e18a18dc9c2"
  integrity sha512-n1CAdIHRWjSucQO3MC1zPSVgV/6dy/fjL9pMrPP9peL+QxEg9wOsVqwD4+818B6LUEtaXzVHQiuivzRoxPxUGw==
  dependencies:
    "@ethersproject/bytes" "^5.7.0"
    "@ethersproject/logger" "^5.7.0"
    bn.js "^5.2.1"

"@ethersproject/bytes@5.6.0":
  version "5.6.0"
  resolved "https://registry.yarnpkg.com/@ethersproject/bytes/-/bytes-5.6.0.tgz#81652f2a0e04533575befadce555213c11d8aa20"
  integrity sha512-3hJPlYemb9V4VLfJF5BfN0+55vltPZSHU3QKUyP9M3Y2TcajbiRrz65UG+xVHOzBereB1b9mn7r12o177xgN7w==
  dependencies:
    "@ethersproject/logger" "^5.6.0"

"@ethersproject/bytes@^5.6.0", "@ethersproject/bytes@^5.7.0":
  version "5.7.0"
  resolved "https://registry.yarnpkg.com/@ethersproject/bytes/-/bytes-5.7.0.tgz#a00f6ea8d7e7534d6d87f47188af1148d71f155d"
  integrity sha512-nsbxwgFXWh9NyYWo+U8atvmMsSdKJprTcICAkvbBffT75qDocbuggBU0SJiVK2MuTrp0q+xvLkTnGMPK1+uA9A==
  dependencies:
    "@ethersproject/logger" "^5.7.0"

"@ethersproject/constants@5.6.0":
  version "5.6.0"
  resolved "https://registry.yarnpkg.com/@ethersproject/constants/-/constants-5.6.0.tgz#55e3eb0918584d3acc0688e9958b0cedef297088"
  integrity sha512-SrdaJx2bK0WQl23nSpV/b1aq293Lh0sUaZT/yYKPDKn4tlAbkH96SPJwIhwSwTsoQQZxuh1jnqsKwyymoiBdWA==
  dependencies:
    "@ethersproject/bignumber" "^5.6.0"

"@ethersproject/constants@^5.6.0", "@ethersproject/constants@^5.7.0":
  version "5.7.0"
  resolved "https://registry.yarnpkg.com/@ethersproject/constants/-/constants-5.7.0.tgz#df80a9705a7e08984161f09014ea012d1c75295e"
  integrity sha512-DHI+y5dBNvkpYUMiRQyxRBYBefZkJfo70VUkUAsRjcPs47muV9evftfZ0PJVCXYbAiCgght0DtcF9srFQmIgWA==
  dependencies:
    "@ethersproject/bignumber" "^5.7.0"

"@ethersproject/contracts@5.6.0":
  version "5.6.0"
  resolved "https://registry.yarnpkg.com/@ethersproject/contracts/-/contracts-5.6.0.tgz#60f2cfc7addd99a865c6c8cfbbcec76297386067"
  integrity sha512-74Ge7iqTDom0NX+mux8KbRUeJgu1eHZ3iv6utv++sLJG80FVuU9HnHeKVPfjd9s3woFhaFoQGf3B3iH/FrQmgw==
  dependencies:
    "@ethersproject/abi" "^5.6.0"
    "@ethersproject/abstract-provider" "^5.6.0"
    "@ethersproject/abstract-signer" "^5.6.0"
    "@ethersproject/address" "^5.6.0"
    "@ethersproject/bignumber" "^5.6.0"
    "@ethersproject/bytes" "^5.6.0"
    "@ethersproject/constants" "^5.6.0"
    "@ethersproject/logger" "^5.6.0"
    "@ethersproject/properties" "^5.6.0"
    "@ethersproject/transactions" "^5.6.0"

"@ethersproject/hash@5.6.0":
  version "5.6.0"
  resolved "https://registry.yarnpkg.com/@ethersproject/hash/-/hash-5.6.0.tgz#d24446a5263e02492f9808baa99b6e2b4c3429a2"
  integrity sha512-fFd+k9gtczqlr0/BruWLAu7UAOas1uRRJvOR84uDf4lNZ+bTkGl366qvniUZHKtlqxBRU65MkOobkmvmpHU+jA==
  dependencies:
    "@ethersproject/abstract-signer" "^5.6.0"
    "@ethersproject/address" "^5.6.0"
    "@ethersproject/bignumber" "^5.6.0"
    "@ethersproject/bytes" "^5.6.0"
    "@ethersproject/keccak256" "^5.6.0"
    "@ethersproject/logger" "^5.6.0"
    "@ethersproject/properties" "^5.6.0"
    "@ethersproject/strings" "^5.6.0"

"@ethersproject/hash@^5.6.0", "@ethersproject/hash@^5.7.0":
  version "5.7.0"
  resolved "https://registry.yarnpkg.com/@ethersproject/hash/-/hash-5.7.0.tgz#eb7aca84a588508369562e16e514b539ba5240a7"
  integrity sha512-qX5WrQfnah1EFnO5zJv1v46a8HW0+E5xuBBDTwMFZLuVTx0tbU2kkx15NqdjxecrLGatQN9FGQKpb1FKdHCt+g==
  dependencies:
    "@ethersproject/abstract-signer" "^5.7.0"
    "@ethersproject/address" "^5.7.0"
    "@ethersproject/base64" "^5.7.0"
    "@ethersproject/bignumber" "^5.7.0"
    "@ethersproject/bytes" "^5.7.0"
    "@ethersproject/keccak256" "^5.7.0"
    "@ethersproject/logger" "^5.7.0"
    "@ethersproject/properties" "^5.7.0"
    "@ethersproject/strings" "^5.7.0"

"@ethersproject/hdnode@5.6.0":
  version "5.6.0"
  resolved "https://registry.yarnpkg.com/@ethersproject/hdnode/-/hdnode-5.6.0.tgz#9dcbe8d629bbbcf144f2cae476337fe92d320998"
  integrity sha512-61g3Jp3nwDqJcL/p4nugSyLrpl/+ChXIOtCEM8UDmWeB3JCAt5FoLdOMXQc3WWkc0oM2C0aAn6GFqqMcS/mHTw==
  dependencies:
    "@ethersproject/abstract-signer" "^5.6.0"
    "@ethersproject/basex" "^5.6.0"
    "@ethersproject/bignumber" "^5.6.0"
    "@ethersproject/bytes" "^5.6.0"
    "@ethersproject/logger" "^5.6.0"
    "@ethersproject/pbkdf2" "^5.6.0"
    "@ethersproject/properties" "^5.6.0"
    "@ethersproject/sha2" "^5.6.0"
    "@ethersproject/signing-key" "^5.6.0"
    "@ethersproject/strings" "^5.6.0"
    "@ethersproject/transactions" "^5.6.0"
    "@ethersproject/wordlists" "^5.6.0"

"@ethersproject/hdnode@^5.6.0", "@ethersproject/hdnode@^5.7.0":
  version "5.7.0"
  resolved "https://registry.yarnpkg.com/@ethersproject/hdnode/-/hdnode-5.7.0.tgz#e627ddc6b466bc77aebf1a6b9e47405ca5aef9cf"
  integrity sha512-OmyYo9EENBPPf4ERhR7oj6uAtUAhYGqOnIS+jE5pTXvdKBS99ikzq1E7Iv0ZQZ5V36Lqx1qZLeak0Ra16qpeOg==
  dependencies:
    "@ethersproject/abstract-signer" "^5.7.0"
    "@ethersproject/basex" "^5.7.0"
    "@ethersproject/bignumber" "^5.7.0"
    "@ethersproject/bytes" "^5.7.0"
    "@ethersproject/logger" "^5.7.0"
    "@ethersproject/pbkdf2" "^5.7.0"
    "@ethersproject/properties" "^5.7.0"
    "@ethersproject/sha2" "^5.7.0"
    "@ethersproject/signing-key" "^5.7.0"
    "@ethersproject/strings" "^5.7.0"
    "@ethersproject/transactions" "^5.7.0"
    "@ethersproject/wordlists" "^5.7.0"

"@ethersproject/json-wallets@5.6.0":
  version "5.6.0"
  resolved "https://registry.yarnpkg.com/@ethersproject/json-wallets/-/json-wallets-5.6.0.tgz#4c2fc27f17e36c583e7a252fb938bc46f98891e5"
  integrity sha512-fmh86jViB9r0ibWXTQipxpAGMiuxoqUf78oqJDlCAJXgnJF024hOOX7qVgqsjtbeoxmcLwpPsXNU0WEe/16qPQ==
  dependencies:
    "@ethersproject/abstract-signer" "^5.6.0"
    "@ethersproject/address" "^5.6.0"
    "@ethersproject/bytes" "^5.6.0"
    "@ethersproject/hdnode" "^5.6.0"
    "@ethersproject/keccak256" "^5.6.0"
    "@ethersproject/logger" "^5.6.0"
    "@ethersproject/pbkdf2" "^5.6.0"
    "@ethersproject/properties" "^5.6.0"
    "@ethersproject/random" "^5.6.0"
    "@ethersproject/strings" "^5.6.0"
    "@ethersproject/transactions" "^5.6.0"
    aes-js "3.0.0"
    scrypt-js "3.0.1"

"@ethersproject/json-wallets@^5.6.0":
  version "5.7.0"
  resolved "https://registry.yarnpkg.com/@ethersproject/json-wallets/-/json-wallets-5.7.0.tgz#5e3355287b548c32b368d91014919ebebddd5360"
  integrity sha512-8oee5Xgu6+RKgJTkvEMl2wDgSPSAQ9MB/3JYjFV9jlKvcYHUXZC+cQp0njgmxdHkYWn8s6/IqIZYm0YWCjO/0g==
  dependencies:
    "@ethersproject/abstract-signer" "^5.7.0"
    "@ethersproject/address" "^5.7.0"
    "@ethersproject/bytes" "^5.7.0"
    "@ethersproject/hdnode" "^5.7.0"
    "@ethersproject/keccak256" "^5.7.0"
    "@ethersproject/logger" "^5.7.0"
    "@ethersproject/pbkdf2" "^5.7.0"
    "@ethersproject/properties" "^5.7.0"
    "@ethersproject/random" "^5.7.0"
    "@ethersproject/strings" "^5.7.0"
    "@ethersproject/transactions" "^5.7.0"
    aes-js "3.0.0"
    scrypt-js "3.0.1"

"@ethersproject/keccak256@5.6.0":
  version "5.6.0"
  resolved "https://registry.yarnpkg.com/@ethersproject/keccak256/-/keccak256-5.6.0.tgz#fea4bb47dbf8f131c2e1774a1cecbfeb9d606459"
  integrity sha512-tk56BJ96mdj/ksi7HWZVWGjCq0WVl/QvfhFQNeL8fxhBlGoP+L80uDCiQcpJPd+2XxkivS3lwRm3E0CXTfol0w==
  dependencies:
    "@ethersproject/bytes" "^5.6.0"
    js-sha3 "0.8.0"

"@ethersproject/keccak256@^5.6.0", "@ethersproject/keccak256@^5.7.0":
  version "5.7.0"
  resolved "https://registry.yarnpkg.com/@ethersproject/keccak256/-/keccak256-5.7.0.tgz#3186350c6e1cd6aba7940384ec7d6d9db01f335a"
  integrity sha512-2UcPboeL/iW+pSg6vZ6ydF8tCnv3Iu/8tUmLLzWWGzxWKFFqOBQFLo6uLUv6BDrLgCDfN28RJ/wtByx+jZ4KBg==
  dependencies:
    "@ethersproject/bytes" "^5.7.0"
    js-sha3 "0.8.0"

"@ethersproject/logger@5.6.0":
  version "5.6.0"
  resolved "https://registry.yarnpkg.com/@ethersproject/logger/-/logger-5.6.0.tgz#d7db1bfcc22fd2e4ab574cba0bb6ad779a9a3e7a"
  integrity sha512-BiBWllUROH9w+P21RzoxJKzqoqpkyM1pRnEKG69bulE9TSQD8SAIvTQqIMZmmCO8pUNkgLP1wndX1gKghSpBmg==

"@ethersproject/logger@^5.6.0", "@ethersproject/logger@^5.7.0":
  version "5.7.0"
  resolved "https://registry.yarnpkg.com/@ethersproject/logger/-/logger-5.7.0.tgz#6ce9ae168e74fecf287be17062b590852c311892"
  integrity sha512-0odtFdXu/XHtjQXJYA3u9G0G8btm0ND5Cu8M7i5vhEcE8/HmF4Lbdqanwyv4uQTr2tx6b7fQRmgLrsnpQlmnig==

"@ethersproject/networks@5.6.0":
  version "5.6.0"
  resolved "https://registry.yarnpkg.com/@ethersproject/networks/-/networks-5.6.0.tgz#486d03fff29b4b6b5414d47a232ded09fe10de5e"
  integrity sha512-DaVzgyThzHgSDLuURhvkp4oviGoGe9iTZW4jMEORHDRCgSZ9K9THGFKqL+qGXqPAYLEgZTf5z2w56mRrPR1MjQ==
  dependencies:
    "@ethersproject/logger" "^5.6.0"

"@ethersproject/networks@^5.6.0", "@ethersproject/networks@^5.7.0":
  version "5.7.1"
  resolved "https://registry.yarnpkg.com/@ethersproject/networks/-/networks-5.7.1.tgz#118e1a981d757d45ccea6bb58d9fd3d9db14ead6"
  integrity sha512-n/MufjFYv3yFcUyfhnXotyDlNdFb7onmkSy8aQERi2PjNcnWQ66xXxa3XlS8nCcA8aJKJjIIMNJTC7tu80GwpQ==
  dependencies:
    "@ethersproject/logger" "^5.7.0"

"@ethersproject/pbkdf2@5.6.0":
  version "5.6.0"
  resolved "https://registry.yarnpkg.com/@ethersproject/pbkdf2/-/pbkdf2-5.6.0.tgz#04fcc2d7c6bff88393f5b4237d906a192426685a"
  integrity sha512-Wu1AxTgJo3T3H6MIu/eejLFok9TYoSdgwRr5oGY1LTLfmGesDoSx05pemsbrPT2gG4cQME+baTSCp5sEo2erZQ==
  dependencies:
    "@ethersproject/bytes" "^5.6.0"
    "@ethersproject/sha2" "^5.6.0"

"@ethersproject/pbkdf2@^5.6.0", "@ethersproject/pbkdf2@^5.7.0":
  version "5.7.0"
  resolved "https://registry.yarnpkg.com/@ethersproject/pbkdf2/-/pbkdf2-5.7.0.tgz#d2267d0a1f6e123f3771007338c47cccd83d3102"
  integrity sha512-oR/dBRZR6GTyaofd86DehG72hY6NpAjhabkhxgr3X2FpJtJuodEl2auADWBZfhDHgVCbu3/H/Ocq2uC6dpNjjw==
  dependencies:
    "@ethersproject/bytes" "^5.7.0"
    "@ethersproject/sha2" "^5.7.0"

"@ethersproject/properties@5.6.0":
  version "5.6.0"
  resolved "https://registry.yarnpkg.com/@ethersproject/properties/-/properties-5.6.0.tgz#38904651713bc6bdd5bdd1b0a4287ecda920fa04"
  integrity sha512-szoOkHskajKePTJSZ46uHUWWkbv7TzP2ypdEK6jGMqJaEt2sb0jCgfBo0gH0m2HBpRixMuJ6TBRaQCF7a9DoCg==
  dependencies:
    "@ethersproject/logger" "^5.6.0"

"@ethersproject/properties@^5.6.0", "@ethersproject/properties@^5.7.0":
  version "5.7.0"
  resolved "https://registry.yarnpkg.com/@ethersproject/properties/-/properties-5.7.0.tgz#a6e12cb0439b878aaf470f1902a176033067ed30"
  integrity sha512-J87jy8suntrAkIZtecpxEPxY//szqr1mlBaYlQ0r4RCaiD2hjheqF9s1LVE8vVuJCXisjIP+JgtK/Do54ej4Sw==
  dependencies:
    "@ethersproject/logger" "^5.7.0"

"@ethersproject/providers@5.6.0":
  version "5.6.0"
  resolved "https://registry.yarnpkg.com/@ethersproject/providers/-/providers-5.6.0.tgz#08ec8e2666771e3a347e66c8f664a2af97366534"
  integrity sha512-6+5PKXTWAttJWFWF8+xCDTCa2/dtq9BNrdKQHGl0IyIOwj99vM6OeThmIRcsIAzIOb8m0XS6w+1KFZwrf3j9nw==
  dependencies:
    "@ethersproject/abstract-provider" "^5.6.0"
    "@ethersproject/abstract-signer" "^5.6.0"
    "@ethersproject/address" "^5.6.0"
    "@ethersproject/basex" "^5.6.0"
    "@ethersproject/bignumber" "^5.6.0"
    "@ethersproject/bytes" "^5.6.0"
    "@ethersproject/constants" "^5.6.0"
    "@ethersproject/hash" "^5.6.0"
    "@ethersproject/logger" "^5.6.0"
    "@ethersproject/networks" "^5.6.0"
    "@ethersproject/properties" "^5.6.0"
    "@ethersproject/random" "^5.6.0"
    "@ethersproject/rlp" "^5.6.0"
    "@ethersproject/sha2" "^5.6.0"
    "@ethersproject/strings" "^5.6.0"
    "@ethersproject/transactions" "^5.6.0"
    "@ethersproject/web" "^5.6.0"
    bech32 "1.1.4"
    ws "7.4.6"

"@ethersproject/random@5.6.0":
  version "5.6.0"
  resolved "https://registry.yarnpkg.com/@ethersproject/random/-/random-5.6.0.tgz#1505d1ab6a250e0ee92f436850fa3314b2cb5ae6"
  integrity sha512-si0PLcLjq+NG/XHSZz90asNf+YfKEqJGVdxoEkSukzbnBgC8rydbgbUgBbBGLeHN4kAJwUFEKsu3sCXT93YMsw==
  dependencies:
    "@ethersproject/bytes" "^5.6.0"
    "@ethersproject/logger" "^5.6.0"

"@ethersproject/random@^5.6.0", "@ethersproject/random@^5.7.0":
  version "5.7.0"
  resolved "https://registry.yarnpkg.com/@ethersproject/random/-/random-5.7.0.tgz#af19dcbc2484aae078bb03656ec05df66253280c"
  integrity sha512-19WjScqRA8IIeWclFme75VMXSBvi4e6InrUNuaR4s5pTF2qNhcGdCUwdxUVGtDDqC00sDLCO93jPQoDUH4HVmQ==
  dependencies:
    "@ethersproject/bytes" "^5.7.0"
    "@ethersproject/logger" "^5.7.0"

"@ethersproject/rlp@5.6.0":
  version "5.6.0"
  resolved "https://registry.yarnpkg.com/@ethersproject/rlp/-/rlp-5.6.0.tgz#55a7be01c6f5e64d6e6e7edb6061aa120962a717"
  integrity sha512-dz9WR1xpcTL+9DtOT/aDO+YyxSSdO8YIS0jyZwHHSlAmnxA6cKU3TrTd4Xc/bHayctxTgGLYNuVVoiXE4tTq1g==
  dependencies:
    "@ethersproject/bytes" "^5.6.0"
    "@ethersproject/logger" "^5.6.0"

"@ethersproject/rlp@^5.6.0", "@ethersproject/rlp@^5.7.0":
  version "5.7.0"
  resolved "https://registry.yarnpkg.com/@ethersproject/rlp/-/rlp-5.7.0.tgz#de39e4d5918b9d74d46de93af80b7685a9c21304"
  integrity sha512-rBxzX2vK8mVF7b0Tol44t5Tb8gomOHkj5guL+HhzQ1yBh/ydjGnpw6at+X6Iw0Kp3OzzzkcKp8N9r0W4kYSs9w==
  dependencies:
    "@ethersproject/bytes" "^5.7.0"
    "@ethersproject/logger" "^5.7.0"

"@ethersproject/sha2@5.6.0":
  version "5.6.0"
  resolved "https://registry.yarnpkg.com/@ethersproject/sha2/-/sha2-5.6.0.tgz#364c4c11cc753bda36f31f001628706ebadb64d9"
  integrity sha512-1tNWCPFLu1n3JM9t4/kytz35DkuF9MxqkGGEHNauEbaARdm2fafnOyw1s0tIQDPKF/7bkP1u3dbrmjpn5CelyA==
  dependencies:
    "@ethersproject/bytes" "^5.6.0"
    "@ethersproject/logger" "^5.6.0"
    hash.js "1.1.7"

"@ethersproject/sha2@^5.6.0", "@ethersproject/sha2@^5.7.0":
  version "5.7.0"
  resolved "https://registry.yarnpkg.com/@ethersproject/sha2/-/sha2-5.7.0.tgz#9a5f7a7824ef784f7f7680984e593a800480c9fb"
  integrity sha512-gKlH42riwb3KYp0reLsFTokByAKoJdgFCwI+CCiX/k+Jm2mbNs6oOaCjYQSlI1+XBVejwH2KrmCbMAT/GnRDQw==
  dependencies:
    "@ethersproject/bytes" "^5.7.0"
    "@ethersproject/logger" "^5.7.0"
    hash.js "1.1.7"

"@ethersproject/signing-key@5.6.0":
  version "5.6.0"
  resolved "https://registry.yarnpkg.com/@ethersproject/signing-key/-/signing-key-5.6.0.tgz#4f02e3fb09e22b71e2e1d6dc4bcb5dafa69ce042"
  integrity sha512-S+njkhowmLeUu/r7ir8n78OUKx63kBdMCPssePS89So1TH4hZqnWFsThEd/GiXYp9qMxVrydf7KdM9MTGPFukA==
  dependencies:
    "@ethersproject/bytes" "^5.6.0"
    "@ethersproject/logger" "^5.6.0"
    "@ethersproject/properties" "^5.6.0"
    bn.js "^4.11.9"
    elliptic "6.5.4"
    hash.js "1.1.7"

"@ethersproject/signing-key@^5.6.0", "@ethersproject/signing-key@^5.7.0":
  version "5.7.0"
  resolved "https://registry.yarnpkg.com/@ethersproject/signing-key/-/signing-key-5.7.0.tgz#06b2df39411b00bc57c7c09b01d1e41cf1b16ab3"
  integrity sha512-MZdy2nL3wO0u7gkB4nA/pEf8lu1TlFswPNmy8AiYkfKTdO6eXBJyUdmHO/ehm/htHw9K/qF8ujnTyUAD+Ry54Q==
  dependencies:
    "@ethersproject/bytes" "^5.7.0"
    "@ethersproject/logger" "^5.7.0"
    "@ethersproject/properties" "^5.7.0"
    bn.js "^5.2.1"
    elliptic "6.5.4"
    hash.js "1.1.7"

"@ethersproject/solidity@5.6.0":
  version "5.6.0"
  resolved "https://registry.yarnpkg.com/@ethersproject/solidity/-/solidity-5.6.0.tgz#64657362a596bf7f5630bdc921c07dd78df06dc3"
  integrity sha512-YwF52vTNd50kjDzqKaoNNbC/r9kMDPq3YzDWmsjFTRBcIF1y4JCQJ8gB30wsTfHbaxgxelI5BfxQSxD/PbJOww==
  dependencies:
    "@ethersproject/bignumber" "^5.6.0"
    "@ethersproject/bytes" "^5.6.0"
    "@ethersproject/keccak256" "^5.6.0"
    "@ethersproject/logger" "^5.6.0"
    "@ethersproject/sha2" "^5.6.0"
    "@ethersproject/strings" "^5.6.0"

"@ethersproject/strings@5.6.0":
  version "5.6.0"
  resolved "https://registry.yarnpkg.com/@ethersproject/strings/-/strings-5.6.0.tgz#9891b26709153d996bf1303d39a7f4bc047878fd"
  integrity sha512-uv10vTtLTZqrJuqBZR862ZQjTIa724wGPWQqZrofaPI/kUsf53TBG0I0D+hQ1qyNtllbNzaW+PDPHHUI6/65Mg==
  dependencies:
    "@ethersproject/bytes" "^5.6.0"
    "@ethersproject/constants" "^5.6.0"
    "@ethersproject/logger" "^5.6.0"

"@ethersproject/strings@^5.6.0", "@ethersproject/strings@^5.7.0":
  version "5.7.0"
  resolved "https://registry.yarnpkg.com/@ethersproject/strings/-/strings-5.7.0.tgz#54c9d2a7c57ae8f1205c88a9d3a56471e14d5ed2"
  integrity sha512-/9nu+lj0YswRNSH0NXYqrh8775XNyEdUQAuf3f+SmOrnVewcJ5SBNAjF7lpgehKi4abvNNXyf+HX86czCdJ8Mg==
  dependencies:
    "@ethersproject/bytes" "^5.7.0"
    "@ethersproject/constants" "^5.7.0"
    "@ethersproject/logger" "^5.7.0"

"@ethersproject/transactions@5.6.0":
  version "5.6.0"
  resolved "https://registry.yarnpkg.com/@ethersproject/transactions/-/transactions-5.6.0.tgz#4b594d73a868ef6e1529a2f8f94a785e6791ae4e"
  integrity sha512-4HX+VOhNjXHZyGzER6E/LVI2i6lf9ejYeWD6l4g50AdmimyuStKc39kvKf1bXWQMg7QNVh+uC7dYwtaZ02IXeg==
  dependencies:
    "@ethersproject/address" "^5.6.0"
    "@ethersproject/bignumber" "^5.6.0"
    "@ethersproject/bytes" "^5.6.0"
    "@ethersproject/constants" "^5.6.0"
    "@ethersproject/keccak256" "^5.6.0"
    "@ethersproject/logger" "^5.6.0"
    "@ethersproject/properties" "^5.6.0"
    "@ethersproject/rlp" "^5.6.0"
    "@ethersproject/signing-key" "^5.6.0"

"@ethersproject/transactions@^5.6.0", "@ethersproject/transactions@^5.7.0":
  version "5.7.0"
  resolved "https://registry.yarnpkg.com/@ethersproject/transactions/-/transactions-5.7.0.tgz#91318fc24063e057885a6af13fdb703e1f993d3b"
  integrity sha512-kmcNicCp1lp8qanMTC3RIikGgoJ80ztTyvtsFvCYpSCfkjhD0jZ2LOrnbcuxuToLIUYYf+4XwD1rP+B/erDIhQ==
  dependencies:
    "@ethersproject/address" "^5.7.0"
    "@ethersproject/bignumber" "^5.7.0"
    "@ethersproject/bytes" "^5.7.0"
    "@ethersproject/constants" "^5.7.0"
    "@ethersproject/keccak256" "^5.7.0"
    "@ethersproject/logger" "^5.7.0"
    "@ethersproject/properties" "^5.7.0"
    "@ethersproject/rlp" "^5.7.0"
    "@ethersproject/signing-key" "^5.7.0"

"@ethersproject/units@5.6.0":
  version "5.6.0"
  resolved "https://registry.yarnpkg.com/@ethersproject/units/-/units-5.6.0.tgz#e5cbb1906988f5740254a21b9ded6bd51e826d9c"
  integrity sha512-tig9x0Qmh8qbo1w8/6tmtyrm/QQRviBh389EQ+d8fP4wDsBrJBf08oZfoiz1/uenKK9M78yAP4PoR7SsVoTjsw==
  dependencies:
    "@ethersproject/bignumber" "^5.6.0"
    "@ethersproject/constants" "^5.6.0"
    "@ethersproject/logger" "^5.6.0"

"@ethersproject/wallet@5.6.0":
  version "5.6.0"
  resolved "https://registry.yarnpkg.com/@ethersproject/wallet/-/wallet-5.6.0.tgz#33d11a806d783864208f348709a5a3badac8e22a"
  integrity sha512-qMlSdOSTyp0MBeE+r7SUhr1jjDlC1zAXB8VD84hCnpijPQiSNbxr6GdiLXxpUs8UKzkDiNYYC5DRI3MZr+n+tg==
  dependencies:
    "@ethersproject/abstract-provider" "^5.6.0"
    "@ethersproject/abstract-signer" "^5.6.0"
    "@ethersproject/address" "^5.6.0"
    "@ethersproject/bignumber" "^5.6.0"
    "@ethersproject/bytes" "^5.6.0"
    "@ethersproject/hash" "^5.6.0"
    "@ethersproject/hdnode" "^5.6.0"
    "@ethersproject/json-wallets" "^5.6.0"
    "@ethersproject/keccak256" "^5.6.0"
    "@ethersproject/logger" "^5.6.0"
    "@ethersproject/properties" "^5.6.0"
    "@ethersproject/random" "^5.6.0"
    "@ethersproject/signing-key" "^5.6.0"
    "@ethersproject/transactions" "^5.6.0"
    "@ethersproject/wordlists" "^5.6.0"

"@ethersproject/web@5.6.0":
  version "5.6.0"
  resolved "https://registry.yarnpkg.com/@ethersproject/web/-/web-5.6.0.tgz#4bf8b3cbc17055027e1a5dd3c357e37474eaaeb8"
  integrity sha512-G/XHj0hV1FxI2teHRfCGvfBUHFmU+YOSbCxlAMqJklxSa7QMiHFQfAxvwY2PFqgvdkxEKwRNr/eCjfAPEm2Ctg==
  dependencies:
    "@ethersproject/base64" "^5.6.0"
    "@ethersproject/bytes" "^5.6.0"
    "@ethersproject/logger" "^5.6.0"
    "@ethersproject/properties" "^5.6.0"
    "@ethersproject/strings" "^5.6.0"

"@ethersproject/web@^5.6.0", "@ethersproject/web@^5.7.0":
  version "5.7.1"
  resolved "https://registry.yarnpkg.com/@ethersproject/web/-/web-5.7.1.tgz#de1f285b373149bee5928f4eb7bcb87ee5fbb4ae"
  integrity sha512-Gueu8lSvyjBWL4cYsWsjh6MtMwM0+H4HvqFPZfB6dV8ctbP9zFAO73VG1cMWae0FLPCtz0peKPpZY8/ugJJX2w==
  dependencies:
    "@ethersproject/base64" "^5.7.0"
    "@ethersproject/bytes" "^5.7.0"
    "@ethersproject/logger" "^5.7.0"
    "@ethersproject/properties" "^5.7.0"
    "@ethersproject/strings" "^5.7.0"

"@ethersproject/wordlists@5.6.0":
  version "5.6.0"
  resolved "https://registry.yarnpkg.com/@ethersproject/wordlists/-/wordlists-5.6.0.tgz#79e62c5276e091d8575f6930ba01a29218ded032"
  integrity sha512-q0bxNBfIX3fUuAo9OmjlEYxP40IB8ABgb7HjEZCL5IKubzV3j30CWi2rqQbjTS2HfoyQbfINoKcTVWP4ejwR7Q==
  dependencies:
    "@ethersproject/bytes" "^5.6.0"
    "@ethersproject/hash" "^5.6.0"
    "@ethersproject/logger" "^5.6.0"
    "@ethersproject/properties" "^5.6.0"
    "@ethersproject/strings" "^5.6.0"

"@ethersproject/wordlists@^5.6.0", "@ethersproject/wordlists@^5.7.0":
  version "5.7.0"
  resolved "https://registry.yarnpkg.com/@ethersproject/wordlists/-/wordlists-5.7.0.tgz#8fb2c07185d68c3e09eb3bfd6e779ba2774627f5"
  integrity sha512-S2TFNJNfHWVHNE6cNDjbVlZ6MgE17MIxMbMg2zv3wn+3XSJGosL1m9ZVv3GXCf/2ymSsQ+hRI5IzoMJTG6aoVA==
  dependencies:
    "@ethersproject/bytes" "^5.7.0"
    "@ethersproject/hash" "^5.7.0"
    "@ethersproject/logger" "^5.7.0"
    "@ethersproject/properties" "^5.7.0"
    "@ethersproject/strings" "^5.7.0"

"@metamask/detect-provider@^1.2.0":
  version "1.2.0"
  resolved "https://registry.yarnpkg.com/@metamask/detect-provider/-/detect-provider-1.2.0.tgz#3667a7531f2a682e3c3a43eaf3a1958bdb42a696"
  integrity sha512-ocA76vt+8D0thgXZ7LxFPyqw3H7988qblgzddTDA6B8a/yU0uKV42QR/DhA+Jh11rJjxW0jKvwb5htA6krNZDQ==

"@next/env@13.4.1":
  version "13.4.1"
  resolved "https://registry.yarnpkg.com/@next/env/-/env-13.4.1.tgz#57322da2630b6bb6d7204577b0a18f6f9324db0c"
  integrity sha512-eD6WCBMFjLFooLM19SIhSkWBHtaFrZFfg2Cxnyl3vS3DAdFRfnx5TY2RxlkuKXdIRCC0ySbtK9JXXt8qLCqzZg==

"@next/swc-darwin-arm64@13.4.1":
  version "13.4.1"
  resolved "https://registry.yarnpkg.com/@next/swc-darwin-arm64/-/swc-darwin-arm64-13.4.1.tgz#3748040d2dd0d89d3cdcc897f96aeda5130eed8f"
  integrity sha512-eF8ARHtYfnoYtDa6xFHriUKA/Mfj/cCbmKb3NofeKhMccs65G6/loZ15a6wYCCx4rPAd6x4t1WmVYtri7EdeBg==

"@next/swc-darwin-x64@13.4.1":
  version "13.4.1"
  resolved "https://registry.yarnpkg.com/@next/swc-darwin-x64/-/swc-darwin-x64-13.4.1.tgz#c59fc270005f17e04eb7eab4fd68793d0e3409a4"
  integrity sha512-7cmDgF9tGWTgn5Gw+vP17miJbH4wcraMHDCOHTYWkO/VeKT73dUWG23TNRLfgtCNSPgH4V5B4uLHoZTanx9bAw==

"@next/swc-linux-arm64-gnu@13.4.1":
  version "13.4.1"
  resolved "https://registry.yarnpkg.com/@next/swc-linux-arm64-gnu/-/swc-linux-arm64-gnu-13.4.1.tgz#1aef371bcef5d832d7f7e3aec3e68cfb98282393"
  integrity sha512-qwJqmCri2ie8aTtE5gjTSr8S6O8B67KCYgVZhv9gKH44yvc/zXbAY8u23QGULsYOyh1islWE5sWfQNLOj9iryg==

"@next/swc-linux-arm64-musl@13.4.1":
  version "13.4.1"
  resolved "https://registry.yarnpkg.com/@next/swc-linux-arm64-musl/-/swc-linux-arm64-musl-13.4.1.tgz#2522927cb0af6918405a49f5a1d1687d6847f3ec"
  integrity sha512-qcC54tWNGDv/VVIFkazxhqH1Bnagjfs4enzELVRlUOoJPD2BGJTPI7z08pQPbbgxLtRiu8gl2mXvpB8WlOkMeA==

"@next/swc-linux-x64-gnu@13.4.1":
  version "13.4.1"
  resolved "https://registry.yarnpkg.com/@next/swc-linux-x64-gnu/-/swc-linux-x64-gnu-13.4.1.tgz#5ec9418a35510048a5ceb79ed300463e1a9b312d"
  integrity sha512-9TeWFlpLsBosZ+tsm/rWBaMwt5It9tPH8m3nawZqFUUrZyGRfGcI67js774vtx0k3rL9qbyY6+3pw9BCVpaYUA==

"@next/swc-linux-x64-musl@13.4.1":
  version "13.4.1"
  resolved "https://registry.yarnpkg.com/@next/swc-linux-x64-musl/-/swc-linux-x64-musl-13.4.1.tgz#3478b9c89b75c1d0e7def9f35a9a77cb15d1a115"
  integrity sha512-sNDGaWmSqTS4QRUzw61wl4mVPeSqNIr1OOjLlQTRuyInxMxtqImRqdvzDvFTlDfdeUMU/DZhWGYoHrXLlZXe6A==

"@next/swc-win32-arm64-msvc@13.4.1":
  version "13.4.1"
  resolved "https://registry.yarnpkg.com/@next/swc-win32-arm64-msvc/-/swc-win32-arm64-msvc-13.4.1.tgz#efe53d48ff51d2485eabb910ab7caee78425fc01"
  integrity sha512-+CXZC7u1iXdLRudecoUYbhbsXpglYv8KFYsFxKBPn7kg+bk7eJo738wAA4jXIl8grTF2mPdmO93JOQym+BlYGA==

"@next/swc-win32-ia32-msvc@13.4.1":
  version "13.4.1"
  resolved "https://registry.yarnpkg.com/@next/swc-win32-ia32-msvc/-/swc-win32-ia32-msvc-13.4.1.tgz#952cdf1c53df46a90d5151d99310195d2c384e55"
  integrity sha512-vIoXVVc7UYO68VwVMDKwJC2+HqAZQtCYiVlApyKEeIPIQpz2gpufzGxk1z3/gwrJt/kJ5CDZjlhYDCzd3hdz+g==

"@next/swc-win32-x64-msvc@13.4.1":
  version "13.4.1"
  resolved "https://registry.yarnpkg.com/@next/swc-win32-x64-msvc/-/swc-win32-x64-msvc-13.4.1.tgz#447b7dcee5f5d4824cdff331a4ec34b13d0b449d"
  integrity sha512-n8V5ImLQZibKTu10UUdI3nIeTLkliEXe628qxqW9v8My3BAH2a7H0SaCqkV2OgqFnn8sG1wxKYw9/SNJ632kSA==

"@swc/helpers@0.5.1":
  version "0.5.1"
  resolved "https://registry.yarnpkg.com/@swc/helpers/-/helpers-0.5.1.tgz#e9031491aa3f26bfcc974a67f48bd456c8a5357a"
  integrity sha512-sJ902EfIzn1Fa+qYmjdQqh8tPsoxyBz+8yBKC2HKUxyezKJFwPGOn7pv4WY6QuQW//ySQi5lJjA/ZT9sNWWNTg==
  dependencies:
    tslib "^2.4.0"

"@types/node@20.1.0":
  version "20.1.0"
  resolved "https://registry.yarnpkg.com/@types/node/-/node-20.1.0.tgz#258805edc37c327cf706e64c6957f241ca4c4c20"
  integrity sha512-O+z53uwx64xY7D6roOi4+jApDGFg0qn6WHcxe5QeqjMaTezBO/mxdfFXIVAVVyNWKx84OmPB3L8kbVYOTeN34A==

"@types/prop-types@*":
  version "15.7.5"
  resolved "https://registry.yarnpkg.com/@types/prop-types/-/prop-types-15.7.5.tgz#5f19d2b85a98e9558036f6a3cacc8819420f05cf"
  integrity sha512-JCB8C6SnDoQf0cNycqd/35A7MjcnK+ZTqE7judS6o7utxUCg6imJg3QK2qzHKszlTjcj2cn+NwMB2i96ubpj7w==

"@types/react-dom@18.2.4":
  version "18.2.4"
  resolved "https://registry.yarnpkg.com/@types/react-dom/-/react-dom-18.2.4.tgz#13f25bfbf4e404d26f62ac6e406591451acba9e0"
  integrity sha512-G2mHoTMTL4yoydITgOGwWdWMVd8sNgyEP85xVmMKAPUBwQWm9wBPQUmvbeF4V3WBY1P7mmL4BkjQ0SqUpf1snw==
  dependencies:
    "@types/react" "*"

"@types/react@*", "@types/react@18.2.6":
  version "18.2.6"
  resolved "https://registry.yarnpkg.com/@types/react/-/react-18.2.6.tgz#5cd53ee0d30ffc193b159d3516c8c8ad2f19d571"
  integrity sha512-wRZClXn//zxCFW+ye/D2qY65UsYP1Fpex2YXorHc8awoNamkMZSvBxwxdYVInsHOZZd2Ppq8isnSzJL5Mpf8OA==
  dependencies:
    "@types/prop-types" "*"
    "@types/scheduler" "*"
    csstype "^3.0.2"

"@types/scheduler@*":
  version "0.16.3"
  resolved "https://registry.yarnpkg.com/@types/scheduler/-/scheduler-0.16.3.tgz#cef09e3ec9af1d63d2a6cc5b383a737e24e6dcf5"
  integrity sha512-5cJ8CB4yAx7BH1oMvdU0Jh9lrEXyPkar6F9G/ERswkCuvP4KQZfZkSjcMbAICCpQTN4OuZn8tz0HiKv9TGZgrQ==

aes-js@3.0.0:
  version "3.0.0"
  resolved "https://registry.yarnpkg.com/aes-js/-/aes-js-3.0.0.tgz#e21df10ad6c2053295bcbb8dab40b09dbea87e4d"
  integrity sha512-H7wUZRn8WpTq9jocdxQ2c8x2sKo9ZVmzfRE13GiNJXfp7NcKYEdvl3vspKjXox6RIG2VtaRe4JFvxG4rqp2Zuw==

axios@0.26.1:
  version "0.26.1"
  resolved "https://registry.yarnpkg.com/axios/-/axios-0.26.1.tgz#1ede41c51fcf51bbbd6fd43669caaa4f0495aaa9"
  integrity sha512-fPwcX4EvnSHuInCMItEhAGnaSEXRBjtzh9fOtsE6E1G6p7vl7edEeZe11QHf18+6+9gR5PbKV/sGKNaD8YaMeA==
  dependencies:
    follow-redirects "^1.14.8"

bech32@1.1.4:
  version "1.1.4"
  resolved "https://registry.yarnpkg.com/bech32/-/bech32-1.1.4.tgz#e38c9f37bf179b8eb16ae3a772b40c356d4832e9"
  integrity sha512-s0IrSOzLlbvX7yp4WBfPITzpAU8sqQcpsmwXDiKwrG4r491vwCO/XpejasRNl0piBMe/DvP4Tz0mIS/X1DPJBQ==

bn.js@^4.11.9:
  version "4.12.0"
  resolved "https://registry.yarnpkg.com/bn.js/-/bn.js-4.12.0.tgz#775b3f278efbb9718eec7361f483fb36fbbfea88"
  integrity sha512-c98Bf3tPniI+scsdk237ku1Dc3ujXQTSgyiPUDEOe7tRkhrqridvh8klBv0HCEso1OLOYcHuCv/cS6DNxKH+ZA==

bn.js@^5.2.1:
  version "5.2.1"
  resolved "https://registry.yarnpkg.com/bn.js/-/bn.js-5.2.1.tgz#0bc527a6a0d18d0aa8d5b0538ce4a77dccfa7b70"
  integrity sha512-eXRvHzWyYPBuB4NBy0cmYQjGitUrtqwbvlzP3G6VFnNRbsZQIxQ10PbKKHt8gZ/HW/D/747aDl+QkDqg3KQLMQ==

brorand@^1.1.0:
  version "1.1.0"
  resolved "https://registry.yarnpkg.com/brorand/-/brorand-1.1.0.tgz#12c25efe40a45e3c323eb8675a0a0ce57b22371f"
  integrity sha512-cKV8tMCEpQs4hK/ik71d6LrPOnpkpGBR0wzxqr68g2m/LB2GxVYQroAjMJZRVM1Y4BCjCKc3vAamxSzOY2RP+w==

busboy@1.6.0:
  version "1.6.0"
  resolved "https://registry.yarnpkg.com/busboy/-/busboy-1.6.0.tgz#966ea36a9502e43cdb9146962523b92f531f6893"
  integrity sha512-8SFQbg/0hQ9xy3UNTB0YEnsNBbWfhf7RtnzpL7TkBiTBRfrQ9Fxcnz7VJsleJpyp6rVLvXiuORqjlHi5q+PYuA==
  dependencies:
    streamsearch "^1.1.0"

caniuse-lite@^1.0.30001406:
  version "1.0.30001485"
  resolved "https://registry.yarnpkg.com/caniuse-lite/-/caniuse-lite-1.0.30001485.tgz#026bb7319f1e483391872dc303a973d4f513f619"
  integrity sha512-8aUpZ7sjhlOyiNsg+pgcrTTPUXKh+rg544QYHSvQErljVEKJzvkYkCR/hUFeeVoEfTToUtY9cUKNRC7+c45YkA==

client-only@0.0.1:
  version "0.0.1"
  resolved "https://registry.yarnpkg.com/client-only/-/client-only-0.0.1.tgz#38bba5d403c41ab150bff64a95c85013cf73bca1"
  integrity sha512-IV3Ou0jSMzZrd3pZ48nLkT9DA7Ag1pnPzaiQhpW7c3RbcqqzvzzVu+L8gfqMp/8IM2MQtSiqaCxrrcfu8I8rMA==

core-js-pure@^3.20.2:
  version "3.30.2"
  resolved "https://registry.yarnpkg.com/core-js-pure/-/core-js-pure-3.30.2.tgz#005a82551f4af3250dcfb46ed360fad32ced114e"
  integrity sha512-p/npFUJXXBkCCTIlEGBdghofn00jWG6ZOtdoIXSJmAu2QBvN0IqpZXWweOytcwE6cfx8ZvVUy1vw8zxhe4Y2vg==

crypto-js@4.1.1:
  version "4.1.1"
  resolved "https://registry.yarnpkg.com/crypto-js/-/crypto-js-4.1.1.tgz#9e485bcf03521041bd85844786b83fb7619736cf"
  integrity sha512-o2JlM7ydqd3Qk9CA0L4NL6mTzU2sdx96a+oOfPu8Mkl/PK51vSyoi8/rQ8NknZtk44vq15lmhAj9CIAGwgeWKw==

csstype@^3.0.2:
  version "3.1.2"
  resolved "https://registry.yarnpkg.com/csstype/-/csstype-3.1.2.tgz#1d4bf9d572f11c14031f0436e1c10bc1f571f50b"
  integrity sha512-I7K1Uu0MBPzaFKg4nI5Q7Vs2t+3gWWW648spaF+Rg7pI9ds18Ugn+lvg4SHczUdKlHI5LWBXyqfS8+DufyBsgQ==

elliptic@6.5.4:
  version "6.5.4"
  resolved "https://registry.yarnpkg.com/elliptic/-/elliptic-6.5.4.tgz#da37cebd31e79a1367e941b592ed1fbebd58abbb"
  integrity sha512-iLhC6ULemrljPZb+QutR5TQGB+pdW6KGD5RSegS+8sorOZT+rdQFbsQFJgvN3eRqNALqJer4oQ16YvJHlU8hzQ==
  dependencies:
    bn.js "^4.11.9"
    brorand "^1.1.0"
    hash.js "^1.0.0"
    hmac-drbg "^1.0.1"
    inherits "^2.0.4"
    minimalistic-assert "^1.0.1"
    minimalistic-crypto-utils "^1.0.1"

ethers@5.6.0:
  version "5.6.0"
  resolved "https://registry.yarnpkg.com/ethers/-/ethers-5.6.0.tgz#924eb965dc03963fad0a09ce687efdf49aca3b45"
  integrity sha512-00FP71jt6bW3ndO5DhgH9mLIZhoCGnAKFLu8qig5KmV03ubEChKf2ilB3g6fX512tTYo+tSMDJ5WpCJWdBHkBQ==
  dependencies:
    "@ethersproject/abi" "5.6.0"
    "@ethersproject/abstract-provider" "5.6.0"
    "@ethersproject/abstract-signer" "5.6.0"
    "@ethersproject/address" "5.6.0"
    "@ethersproject/base64" "5.6.0"
    "@ethersproject/basex" "5.6.0"
    "@ethersproject/bignumber" "5.6.0"
    "@ethersproject/bytes" "5.6.0"
    "@ethersproject/constants" "5.6.0"
    "@ethersproject/contracts" "5.6.0"
    "@ethersproject/hash" "5.6.0"
    "@ethersproject/hdnode" "5.6.0"
    "@ethersproject/json-wallets" "5.6.0"
    "@ethersproject/keccak256" "5.6.0"
    "@ethersproject/logger" "5.6.0"
    "@ethersproject/networks" "5.6.0"
    "@ethersproject/pbkdf2" "5.6.0"
    "@ethersproject/properties" "5.6.0"
    "@ethersproject/providers" "5.6.0"
    "@ethersproject/random" "5.6.0"
    "@ethersproject/rlp" "5.6.0"
    "@ethersproject/sha2" "5.6.0"
    "@ethersproject/signing-key" "5.6.0"
    "@ethersproject/solidity" "5.6.0"
    "@ethersproject/strings" "5.6.0"
    "@ethersproject/transactions" "5.6.0"
    "@ethersproject/units" "5.6.0"
    "@ethersproject/wallet" "5.6.0"
    "@ethersproject/web" "5.6.0"
    "@ethersproject/wordlists" "5.6.0"

fast-deep-equal@^3.1.3:
  version "3.1.3"
  resolved "https://registry.yarnpkg.com/fast-deep-equal/-/fast-deep-equal-3.1.3.tgz#3a7d56b559d6cbc3eb512325244e619a65c6c525"
  integrity sha512-f3qQ9oQy9j2AhBe/H9VC91wLmKBCCU/gDOnKNAYG5hswO7BLKj09Hc5HYNz9cGI++xlpDCIgDaitVs03ATR84Q==

follow-redirects@^1.14.8:
  version "1.15.2"
  resolved "https://registry.yarnpkg.com/follow-redirects/-/follow-redirects-1.15.2.tgz#b460864144ba63f2681096f274c4e57026da2c13"
  integrity sha512-VQLG33o04KaQ8uYi2tVNbdrWp1QWxNNea+nmIB4EVM28v0hmP17z7aG1+wAkNzVq4KeXTq3221ye5qTJP91JwA==

hash.js@1.1.7, hash.js@^1.0.0, hash.js@^1.0.3:
  version "1.1.7"
  resolved "https://registry.yarnpkg.com/hash.js/-/hash.js-1.1.7.tgz#0babca538e8d4ee4a0f8988d68866537a003cf42"
  integrity sha512-taOaskGt4z4SOANNseOviYDvjEJinIkRgmp7LbKP2YTTmVxWBl87s/uzK9r+44BclBSp2X7K1hqeNfz9JbBeXA==
  dependencies:
    inherits "^2.0.3"
    minimalistic-assert "^1.0.1"

hmac-drbg@^1.0.1:
  version "1.0.1"
  resolved "https://registry.yarnpkg.com/hmac-drbg/-/hmac-drbg-1.0.1.tgz#d2745701025a6c775a6c545793ed502fc0c649a1"
  integrity sha512-Tti3gMqLdZfhOQY1Mzf/AanLiqh1WTiJgEj26ZuYQ9fbkLomzGchCws4FyrSd4VkpBfiNhaE1On+lOz894jvXg==
  dependencies:
    hash.js "^1.0.3"
    minimalistic-assert "^1.0.0"
    minimalistic-crypto-utils "^1.0.1"

immer@^9.0.7:
  version "9.0.21"
  resolved "https://registry.yarnpkg.com/immer/-/immer-9.0.21.tgz#1e025ea31a40f24fb064f1fef23e931496330176"
  integrity sha512-bc4NBHqOqSfRW7POMkHd51LvClaeMXpm8dx0e8oE2GORbq5aRK7Bxl4FyzVLdGtLmvLKL7BTDBG5ACQm4HWjTA==

inherits@^2.0.3, inherits@^2.0.4:
  version "2.0.4"
  resolved "https://registry.yarnpkg.com/inherits/-/inherits-2.0.4.tgz#0fa2c64f932917c3433a0ded55363aae37416b7c"
  integrity sha512-k/vGaX4/Yla3WzyMCvTQOXYeIHvqOKtnqBduzTHpzpQZzAskKMhZ2K+EnBiSM9zGSoIFeMpXKxa4dYeZIQqewQ==

js-sha3@0.8.0:
  version "0.8.0"
  resolved "https://registry.yarnpkg.com/js-sha3/-/js-sha3-0.8.0.tgz#b9b7a5da73afad7dedd0f8c463954cbde6818840"
  integrity sha512-gF1cRrHhIzNfToc802P800N8PpXS+evLLXfsVpowqmAFR9uwbi89WvXg2QspOmXL8QL86J4T1EpFu+yUkwJY3Q==

"js-tokens@^3.0.0 || ^4.0.0":
  version "4.0.0"
  resolved "https://registry.yarnpkg.com/js-tokens/-/js-tokens-4.0.0.tgz#19203fb59991df98e3a287050d4647cdeaf32499"
  integrity sha512-RdJUflcE3cUzKiMqQgsCu06FPu9UdIJO0beYbPhHN4k6apgJtifcoCtT9bcxOpYBtpD2kCM6Sbzg4CausW/PKQ==

loose-envify@^1.1.0:
  version "1.4.0"
  resolved "https://registry.yarnpkg.com/loose-envify/-/loose-envify-1.4.0.tgz#71ee51fa7be4caec1a63839f7e682d8132d30caf"
  integrity sha512-lyuxPGr/Wfhrlem2CL/UcnUc1zcqKAImBDzukY7Y5F/yQiNdko6+fRLevlw1HgMySw7f611UIY408EtxRSoK3Q==
  dependencies:
    js-tokens "^3.0.0 || ^4.0.0"

minimalistic-assert@^1.0.0, minimalistic-assert@^1.0.1:
  version "1.0.1"
  resolved "https://registry.yarnpkg.com/minimalistic-assert/-/minimalistic-assert-1.0.1.tgz#2e194de044626d4a10e7f7fbc00ce73e83e4d5c7"
  integrity sha512-UtJcAD4yEaGtjPezWuO9wC4nwUnVH/8/Im3yEHQP4b67cXlD/Qr9hdITCU1xDbSEXg2XKNaP8jsReV7vQd00/A==

minimalistic-crypto-utils@^1.0.1:
  version "1.0.1"
  resolved "https://registry.yarnpkg.com/minimalistic-crypto-utils/-/minimalistic-crypto-utils-1.0.1.tgz#f6c00c1c0b082246e5c4d99dfb8c7c083b2b582a"
  integrity sha512-JIYlbt6g8i5jKfJ3xz7rF0LXmv2TkDxBLUkiBeZ7bAx4GnnNMr8xFpGnOxn6GhTEHx3SjRrZEoU+j04prX1ktg==

moralis-v1@^1.12.0:
  version "1.12.0"
  resolved "https://registry.yarnpkg.com/moralis-v1/-/moralis-v1-1.12.0.tgz#a27f3849146771f2e5de19ed0c2d23a1f117a0c0"
  integrity sha512-TjJsYDm1lRX1/Trzj5TixreL55LBQYgIlzwDuCBdVpZ60saI6Bpv4x2qEldVRHRMedyJ2OpUnwDJtTgKKjJf/A==
  dependencies:
    "@babel/runtime" "7.16.7"
    "@babel/runtime-corejs3" "7.16.8"
    "@metamask/detect-provider" "^1.2.0"
    axios "0.26.1"
    ethers "5.6.0"
    react-native-crypto-js "1.0.0"
    uuid "^8.3.2"
    ws "^8.3.0"
    xmlhttprequest "1.8.0"
  optionalDependencies:
    crypto-js "4.1.1"

nanoid@^3.3.4:
  version "3.3.6"
  resolved "https://registry.yarnpkg.com/nanoid/-/nanoid-3.3.6.tgz#443380c856d6e9f9824267d960b4236ad583ea4c"
  integrity sha512-BGcqMMJuToF7i1rt+2PWSNVnWIkGCU78jBG3RxO/bZlnZPK2Cmi2QaffxGO/2RvWi9sL+FAiRiXMgsyxQ1DIDA==

next@13.4.1:
  version "13.4.1"
  resolved "https://registry.yarnpkg.com/next/-/next-13.4.1.tgz#8d23f94c81b3f9cc8b34165ad528457e5befd726"
  integrity sha512-JBw2kAIyhKDpjhEWvNVoFeIzNp9xNxg8wrthDOtMctfn3EpqGCmW0FSviNyGgOSOSn6zDaX48pmvbdf6X2W9xA==
  dependencies:
    "@next/env" "13.4.1"
    "@swc/helpers" "0.5.1"
    busboy "1.6.0"
    caniuse-lite "^1.0.30001406"
    postcss "8.4.14"
    styled-jsx "5.1.1"
    zod "3.21.4"
  optionalDependencies:
    "@next/swc-darwin-arm64" "13.4.1"
    "@next/swc-darwin-x64" "13.4.1"
    "@next/swc-linux-arm64-gnu" "13.4.1"
    "@next/swc-linux-arm64-musl" "13.4.1"
    "@next/swc-linux-x64-gnu" "13.4.1"
    "@next/swc-linux-x64-musl" "13.4.1"
    "@next/swc-win32-arm64-msvc" "13.4.1"
    "@next/swc-win32-ia32-msvc" "13.4.1"
    "@next/swc-win32-x64-msvc" "13.4.1"

picocolors@^1.0.0:
  version "1.0.0"
  resolved "https://registry.yarnpkg.com/picocolors/-/picocolors-1.0.0.tgz#cb5bdc74ff3f51892236eaf79d68bc44564ab81c"
  integrity sha512-1fygroTLlHu66zi26VoTDv8yRgm0Fccecssto+MhsZ0D/DGW2sm8E8AjW7NU5VVTRt5GxbeZ5qBuJr+HyLYkjQ==

postcss@8.4.14:
  version "8.4.14"
  resolved "https://registry.yarnpkg.com/postcss/-/postcss-8.4.14.tgz#ee9274d5622b4858c1007a74d76e42e56fd21caf"
  integrity sha512-E398TUmfAYFPBSdzgeieK2Y1+1cpdxJx8yXbK/m57nRhKSmk1GB2tO4lbLBtlkfPQTDKfe4Xqv1ASWPpayPEig==
  dependencies:
    nanoid "^3.3.4"
    picocolors "^1.0.0"
    source-map-js "^1.0.2"

react-dom@^18.2.0:
  version "18.2.0"
  resolved "https://registry.yarnpkg.com/react-dom/-/react-dom-18.2.0.tgz#22aaf38708db2674ed9ada224ca4aa708d821e3d"
  integrity sha512-6IMTriUmvsjHUjNtEDudZfuDQUoWXVxKHhlEGSk81n4YFS+r/Kl99wXiwlVXtPBtJenozv2P+hxDsw9eA7Xo6g==
  dependencies:
    loose-envify "^1.1.0"
    scheduler "^0.23.0"

react-moralis@^1.4.2:
  version "1.4.2"
  resolved "https://registry.yarnpkg.com/react-moralis/-/react-moralis-1.4.2.tgz#745cd5fba311071ecb23267966f35784862f585b"
  integrity sha512-M6R9+AO4r/ZmJEMbv2IySnp1+8fRvzu1osehAWYqQgN8cPsHWGuDpnmNSd8Q+DegZ/sjiBkfWjuEXFRwrHYorQ==
  dependencies:
    fast-deep-equal "^3.1.3"
    immer "^9.0.7"
    use-immer "^0.6.0"

react-native-crypto-js@1.0.0:
  version "1.0.0"
  resolved "https://registry.yarnpkg.com/react-native-crypto-js/-/react-native-crypto-js-1.0.0.tgz#e677e022e147f41b35614416c92d655f87e2450a"
  integrity sha512-FNbLuG/HAdapQoybeZSoes1PWdOj0w242gb+e1R0hicf3Gyj/Mf8M9NaED2AnXVOX01b2FXomwUiw1xP1K+8sA==

react@^18.2.0:
  version "18.2.0"
  resolved "https://registry.yarnpkg.com/react/-/react-18.2.0.tgz#555bd98592883255fa00de14f1151a917b5d77d5"
  integrity sha512-/3IjMdb2L9QbBdWiW5e3P2/npwMBaU9mHCSCUzNln0ZCYbcfTsGbTJrU/kGemdH2IWmB2ioZ+zkxtmq6g09fGQ==
  dependencies:
    loose-envify "^1.1.0"

regenerator-runtime@^0.13.4:
  version "0.13.11"
  resolved "https://registry.yarnpkg.com/regenerator-runtime/-/regenerator-runtime-0.13.11.tgz#f6dca3e7ceec20590d07ada785636a90cdca17f9"
  integrity sha512-kY1AZVr2Ra+t+piVaJ4gxaFaReZVH40AKNo7UCX6W+dEwBo/2oZJzqfuN1qLq1oL45o56cPaTXELwrTh8Fpggg==

scheduler@^0.23.0:
  version "0.23.0"
  resolved "https://registry.yarnpkg.com/scheduler/-/scheduler-0.23.0.tgz#ba8041afc3d30eb206a487b6b384002e4e61fdfe"
  integrity sha512-CtuThmgHNg7zIZWAXi3AsyIzA3n4xx7aNyjwC2VJldO2LMVDhFK+63xGqq6CsJH4rTAt6/M+N4GhZiDYPx9eUw==
  dependencies:
    loose-envify "^1.1.0"

scrypt-js@3.0.1:
  version "3.0.1"
  resolved "https://registry.yarnpkg.com/scrypt-js/-/scrypt-js-3.0.1.tgz#d314a57c2aef69d1ad98a138a21fe9eafa9ee312"
  integrity sha512-cdwTTnqPu0Hyvf5in5asVdZocVDTNRmR7XEcJuIzMjJeSHybHl7vpB66AzwTaIg6CLSbtjcxc8fqcySfnTkccA==

source-map-js@^1.0.2:
  version "1.0.2"
  resolved "https://registry.yarnpkg.com/source-map-js/-/source-map-js-1.0.2.tgz#adbc361d9c62df380125e7f161f71c826f1e490c"
  integrity sha512-R0XvVJ9WusLiqTCEiGCmICCMplcCkIwwR11mOSD9CR5u+IXYdiseeEuXCVAjS54zqwkLcPNnmU4OeJ6tUrWhDw==

streamsearch@^1.1.0:
  version "1.1.0"
  resolved "https://registry.yarnpkg.com/streamsearch/-/streamsearch-1.1.0.tgz#404dd1e2247ca94af554e841a8ef0eaa238da764"
  integrity sha512-Mcc5wHehp9aXz1ax6bZUyY5afg9u2rv5cqQI3mRrYkGC8rW2hM02jWuwjtL++LS5qinSyhj2QfLyNsuc+VsExg==

styled-jsx@5.1.1:
  version "5.1.1"
  resolved "https://registry.yarnpkg.com/styled-jsx/-/styled-jsx-5.1.1.tgz#839a1c3aaacc4e735fed0781b8619ea5d0009d1f"
  integrity sha512-pW7uC1l4mBZ8ugbiZrcIsiIvVx1UmTfw7UkC3Um2tmfUq9Bhk8IiyEIPl6F8agHgjzku6j0xQEZbfA5uSgSaCw==
  dependencies:
    client-only "0.0.1"

tslib@^2.4.0:
  version "2.5.0"
  resolved "https://registry.yarnpkg.com/tslib/-/tslib-2.5.0.tgz#42bfed86f5787aeb41d031866c8f402429e0fddf"
  integrity sha512-336iVw3rtn2BUK7ORdIAHTyxHGRIHVReokCR3XjbckJMK7ms8FysBfhLR8IXnAgy7T0PTPNBWKiH514FOW/WSg==

typescript@5.0.4:
  version "5.0.4"
  resolved "https://registry.yarnpkg.com/typescript/-/typescript-5.0.4.tgz#b217fd20119bd61a94d4011274e0ab369058da3b"
  integrity sha512-cW9T5W9xY37cc+jfEnaUvX91foxtHkza3Nw3wkoF4sSlKn0MONdkdEndig/qPBWXNkmplh3NzayQzCiHM4/hqw==

use-immer@^0.6.0:
  version "0.6.0"
  resolved "https://registry.yarnpkg.com/use-immer/-/use-immer-0.6.0.tgz#ca6aa5ade93018e2c65cf128d19ada54fc23f70d"
  integrity sha512-dFGRfvWCqPDTOt/S431ETYTg6+uxbpb7A1pptufwXVzGJY3RlXr38+3wyLNpc6SbbmAKjWl6+EP6uW74fkEsXQ==

uuid@^8.3.2:
  version "8.3.2"
  resolved "https://registry.yarnpkg.com/uuid/-/uuid-8.3.2.tgz#80d5b5ced271bb9af6c445f21a1a04c606cefbe2"
  integrity sha512-+NYs2QeMWy+GWFOEm9xnn6HCDp0l7QBD7ml8zLUmJ+93Q5NF0NocErnwkTkXVFNiX3/fpC6afS8Dhb/gz7R7eg==

ws@7.4.6:
  version "7.4.6"
  resolved "https://registry.yarnpkg.com/ws/-/ws-7.4.6.tgz#5654ca8ecdeee47c33a9a4bf6d28e2be2980377c"
  integrity sha512-YmhHDO4MzaDLB+M9ym/mDA5z0naX8j7SIlT8f8z+I0VtzsRbekxEutHSme7NPS2qE8StCYQNUnfWdXta/Yu85A==

ws@^8.3.0:
  version "8.13.0"
  resolved "https://registry.yarnpkg.com/ws/-/ws-8.13.0.tgz#9a9fb92f93cf41512a0735c8f4dd09b8a1211cd0"
  integrity sha512-x9vcZYTrFPC7aSIbj7sRCYo7L/Xb8Iy+pW0ng0wt2vCJv7M9HOMy0UoN3rr+IFC7hb7vXoqS+P9ktyLLLhO+LA==

xmlhttprequest@1.8.0:
  version "1.8.0"
  resolved "https://registry.yarnpkg.com/xmlhttprequest/-/xmlhttprequest-1.8.0.tgz#67fe075c5c24fef39f9d65f5f7b7fe75171968fc"
  integrity sha512-58Im/U0mlVBLM38NdZjHyhuMtCqa61469k2YP/AaPbvCoV9aQGUpbJBj1QRm2ytRiVQBD/fsw7L2bJGDVQswBA==

zod@3.21.4:
  version "3.21.4"
  resolved "https://registry.yarnpkg.com/zod/-/zod-3.21.4.tgz#10882231d992519f0a10b5dd58a38c9dabbb64db"
  integrity sha512-m46AKbrzKVzOzs/DZgVnG5H55N1sv1M8qZU3A8RIKbs3mrACDNeIOeilDymVb2HdmP8uwshOCF4uJ8uM9rCqJw==
